
Microsoft Visual Studio Solution File, Format Version 12.00
# Visual Studio Version 16
VisualStudioVersion = 16.0.31729.503
MinimumVisualStudioVersion = 10.0.40219.1
Project("{9A19103F-16F7-4668-BE54-9A1E7A4F7556}") = "RSWebApp", "RSWebApp\RSWebApp.csproj", "{6528D32F-7155-4B58-B243-5BE246C624F3}"
EndProject
Project("{9A19103F-16F7-4668-BE54-9A1E7A4F7556}") = "DAL", "DAL\DAL.csproj", "{11C72FED-50C0-41F0-A634-27F23BE93702}"
EndProject
Project("{9A19103F-16F7-4668-BE54-9A1E7A4F7556}") = "BL", "BL\BL.csproj", "{8D3DF414-657E-42EE-8844-DCC9BABF5B49}"
EndProject
Project("{9A19103F-16F7-4668-BE54-9A1E7A4F7556}") = "DTO", "DTO\DTO.csproj", "{2386BBCC-E064-4B6E-8940-A7E09564D7C7}"
EndProject
Project("{9A19103F-16F7-4668-BE54-9A1E7A4F7556}") = "Entities", "Entities\Entities.csproj", "{2B5A3D62-EAC0-4D85-934D-44B198404BF2}"
EndProject
Project("{2150E333-8FDC-42A3-9474-1A3956D46DE8}") = "Solution Items", "Solution Items", "{01E55931-6FF8-4B07-A5DA-45C5E30071A8}"
	ProjectSection(SolutionItems) = preProject
		.editorconfig = .editorconfig
	EndProjectSection
EndProject
Global
	GlobalSection(SolutionConfigurationPlatforms) = preSolution
		Debug|Any CPU = Debug|Any CPU
		Release|Any CPU = Release|Any CPU
	EndGlobalSection
	GlobalSection(ProjectConfigurationPlatforms) = postSolution
		{6528D32F-7155-4B58-B243-5BE246C624F3}.Debug|Any CPU.ActiveCfg = Debug|Any CPU
		{6528D32F-7155-4B58-B243-5BE246C624F3}.Debug|Any CPU.Build.0 = Debug|Any CPU
		{6528D32F-7155-4B58-B243-5BE246C624F3}.Release|Any CPU.ActiveCfg = Release|Any CPU
		{6528D32F-7155-4B58-B243-5BE246C624F3}.Release|Any CPU.Build.0 = Release|Any CPU
		{11C72FED-50C0-41F0-A634-27F23BE93702}.Debug|Any CPU.ActiveCfg = Debug|Any CPU
		{11C72FED-50C0-41F0-A634-27F23BE93702}.Debug|Any CPU.Build.0 = Debug|Any CPU
		{11C72FED-50C0-41F0-A634-27F23BE93702}.Release|Any CPU.ActiveCfg = Release|Any CPU
		{11C72FED-50C0-41F0-A634-27F23BE93702}.Release|Any CPU.Build.0 = Release|Any CPU
		{8D3DF414-657E-42EE-8844-DCC9BABF5B49}.Debug|Any CPU.ActiveCfg = Debug|Any CPU
		{8D3DF414-657E-42EE-8844-DCC9BABF5B49}.Debug|Any CPU.Build.0 = Debug|Any CPU
		{8D3DF414-657E-42EE-8844-DCC9BABF5B49}.Release|Any CPU.ActiveCfg = Release|Any CPU
		{8D3DF414-657E-42EE-8844-DCC9BABF5B49}.Release|Any CPU.Build.0 = Release|Any CPU
		{2386BBCC-E064-4B6E-8940-A7E09564D7C7}.Debug|Any CPU.ActiveCfg = Debug|Any CPU
		{2386BBCC-E064-4B6E-8940-A7E09564D7C7}.Debug|Any CPU.Build.0 = Debug|Any CPU
		{2386BBCC-E064-4B6E-8940-A7E09564D7C7}.Release|Any CPU.ActiveCfg = Release|Any CPU
		{2386BBCC-E064-4B6E-8940-A7E09564D7C7}.Release|Any CPU.Build.0 = Release|Any CPU
		{2B5A3D62-EAC0-4D85-934D-44B198404BF2}.Debug|Any CPU.ActiveCfg = Debug|Any CPU
		{2B5A3D62-EAC0-4D85-934D-44B198404BF2}.Debug|Any CPU.Build.0 = Debug|Any CPU
		{2B5A3D62-EAC0-4D85-934D-44B198404BF2}.Release|Any CPU.ActiveCfg = Release|Any CPU
		{2B5A3D62-EAC0-4D85-934D-44B198404BF2}.Release|Any CPU.Build.0 = Release|Any CPU
	EndGlobalSection
	GlobalSection(SolutionProperties) = preSolution
		HideSolutionNode = FALSE
	EndGlobalSection
	GlobalSection(ExtensibilityGlobals) = postSolution
		SolutionGuid = {9556DCB3-8FEE-40DC-812A-EB24A8D9A122}
	EndGlobalSection
EndGlobal
